
Microsoft Visual Studio Solution File, Format Version 12.00
# Visual Studio Version 17
VisualStudioVersion = 17.7.34003.232
MinimumVisualStudioVersion = 10.0.40219.1
Project("{FAE04EC0-301F-11D3-BF4B-00C04F79EFBC}") = "ATM_HOST", "ATM_HOST\ATM_HOST.csproj", "{B4920AC3-94DB-4E69-851A-0641C99849EE}"
EndProject
Global
	GlobalSection(SolutionConfigurationPlatforms) = preSolution
		Debug|Any CPU = Debug|Any CPU
		Release|Any CPU = Release|Any CPU
	EndGlobalSection
	GlobalSection(ProjectConfigurationPlatforms) = postSolution
		{B4920AC3-94DB-4E69-851A-0641C99849EE}.Debug|Any CPU.ActiveCfg = Debug|Any CPU
		{B4920AC3-94DB-4E69-851A-0641C99849EE}.Debug|Any CPU.Build.0 = Debug|Any CPU
		{B4920AC3-94DB-4E69-851A-0641C99849EE}.Release|Any CPU.ActiveCfg = Release|Any CPU
		{B4920AC3-94DB-4E69-851A-0641C99849EE}.Release|Any CPU.Build.0 = Release|Any CPU
	EndGlobalSection
	GlobalSection(SolutionProperties) = preSolution
		HideSolutionNode = FALSE
	EndGlobalSection
	GlobalSection(ExtensibilityGlobals) = postSolution
		SolutionGuid = {8C9A9BE6-7277-4260-B76D-0DAFB1B24F16}
	EndGlobalSection
EndGlobal
